
Microsoft Visual Studio Solution File, Format Version 12.00
# Visual Studio Version 17
VisualStudioVersion = 17.5.33530.505
MinimumVisualStudioVersion = 10.0.40219.1
Project("{FAE04EC0-301F-11D3-BF4B-00C04F79EFBC}") = "Clock_Angle", "Clock_Angle\Clock_Angle.csproj", "{CD851C9D-4148-48E4-9537-4C3E77507D97}"
EndProject
Project("{FAE04EC0-301F-11D3-BF4B-00C04F79EFBC}") = "Branch", "Branch\Branch.csproj", "{603EA903-F152-4BD2-8330-8E8128D9283B}"
EndProject
Global
	GlobalSection(SolutionConfigurationPlatforms) = preSolution
		Debug|Any CPU = Debug|Any CPU
		Release|Any CPU = Release|Any CPU
	EndGlobalSection
	GlobalSection(ProjectConfigurationPlatforms) = postSolution
		{CD851C9D-4148-48E4-9537-4C3E77507D97}.Debug|Any CPU.ActiveCfg = Debug|Any CPU
		{CD851C9D-4148-48E4-9537-4C3E77507D97}.Debug|Any CPU.Build.0 = Debug|Any CPU
		{CD851C9D-4148-48E4-9537-4C3E77507D97}.Release|Any CPU.ActiveCfg = Release|Any CPU
		{CD851C9D-4148-48E4-9537-4C3E77507D97}.Release|Any CPU.Build.0 = Release|Any CPU
		{603EA903-F152-4BD2-8330-8E8128D9283B}.Debug|Any CPU.ActiveCfg = Debug|Any CPU
		{603EA903-F152-4BD2-8330-8E8128D9283B}.Debug|Any CPU.Build.0 = Debug|Any CPU
		{603EA903-F152-4BD2-8330-8E8128D9283B}.Release|Any CPU.ActiveCfg = Release|Any CPU
		{603EA903-F152-4BD2-8330-8E8128D9283B}.Release|Any CPU.Build.0 = Release|Any CPU
	EndGlobalSection
	GlobalSection(SolutionProperties) = preSolution
		HideSolutionNode = FALSE
	EndGlobalSection
	GlobalSection(ExtensibilityGlobals) = postSolution
		SolutionGuid = {8B16D123-29A1-46BF-B943-617AAD972A4F}
	EndGlobalSection
EndGlobal
